
Microsoft Visual Studio Solution File, Format Version 12.00
# Visual Studio Version 17
VisualStudioVersion = 17.6.33815.320
MinimumVisualStudioVersion = 10.0.40219.1
Project("{FAE04EC0-301F-11D3-BF4B-00C04F79EFBC}") = "10x10SaldiriOyunu", "10x10SaldiriOyunu\10x10SaldiriOyunu.csproj", "{E541636C-CB85-4695-A377-669970AD6E8E}"
EndProject
Global
	GlobalSection(SolutionConfigurationPlatforms) = preSolution
		Debug|Any CPU = Debug|Any CPU
		Release|Any CPU = Release|Any CPU
	EndGlobalSection
	GlobalSection(ProjectConfigurationPlatforms) = postSolution
		{E541636C-CB85-4695-A377-669970AD6E8E}.Debug|Any CPU.ActiveCfg = Debug|Any CPU
		{E541636C-CB85-4695-A377-669970AD6E8E}.Debug|Any CPU.Build.0 = Debug|Any CPU
		{E541636C-CB85-4695-A377-669970AD6E8E}.Release|Any CPU.ActiveCfg = Release|Any CPU
		{E541636C-CB85-4695-A377-669970AD6E8E}.Release|Any CPU.Build.0 = Release|Any CPU
	EndGlobalSection
	GlobalSection(SolutionProperties) = preSolution
		HideSolutionNode = FALSE
	EndGlobalSection
	GlobalSection(ExtensibilityGlobals) = postSolution
		SolutionGuid = {BCFE3C76-47BF-4E90-9FC7-A72581991EAE}
	EndGlobalSection
EndGlobal
